
Microsoft Visual Studio Solution File, Format Version 12.00
Project("{FAE04EC0-301F-11D3-BF4B-00C04F79EFBC}") = "PostgresForDotnetDev", "PostgresForDotnetDev\PostgresForDotnetDev.csproj", "{F4B48AC9-6279-4812-9CA7-5EE9332A1EA3}"
EndProject
Project("{FAE04EC0-301F-11D3-BF4B-00C04F79EFBC}") = "PostgresForDotnetDev.Api", "PostgresForDotnetDev.Api\PostgresForDotnetDev.Api.csproj", "{E5E846CA-6F98-4B81-B990-2A85177282C2}"
EndProject
Project("{FAE04EC0-301F-11D3-BF4B-00C04F79EFBC}") = "PostgresForDotnetDevs.Tests", "PostgresForDotnetDevs.Tests\PostgresForDotnetDevs.Tests.csproj", "{3DF10ABD-1720-4E54-8DD0-DB8D5CE93185}"
EndProject
Project("{2150E333-8FDC-42A3-9474-1A3956D46DE8}") = "CI", "CI", "{FEA59E58-EE91-4AA9-BD84-5BAD32FD2904}"
	ProjectSection(SolutionItems) = preProject
		docker-compose.yml = docker-compose.yml
		postgresql.conf = postgresql.conf
	EndProjectSection
EndProject
Project("{FAE04EC0-301F-11D3-BF4B-00C04F79EFBC}") = "PostgresForDotnetDev.CLI", "PostgresForDotnetDev.CLI\PostgresForDotnetDev.CLI.csproj", "{259DC7E1-C1FD-474A-A2F1-00071807B85D}"
EndProject
Project("{FAE04EC0-301F-11D3-BF4B-00C04F79EFBC}") = "PostgresOutbox", "PostgresOutbox\PostgresOutbox.csproj", "{9077C2E2-FFD6-4512-8BA9-179793A12CE8}"
EndProject
Project("{FAE04EC0-301F-11D3-BF4B-00C04F79EFBC}") = "PostgresOutbox.Console", "PostgresOutbox.Console\PostgresOutbox.Console.csproj", "{97B0DC7A-6B3A-4F2C-88F1-209ADA9C3FC9}"
EndProject
Global
	GlobalSection(SolutionConfigurationPlatforms) = preSolution
		Debug|Any CPU = Debug|Any CPU
		Release|Any CPU = Release|Any CPU
	EndGlobalSection
	GlobalSection(ProjectConfigurationPlatforms) = postSolution
		{F4B48AC9-6279-4812-9CA7-5EE9332A1EA3}.Debug|Any CPU.ActiveCfg = Debug|Any CPU
		{F4B48AC9-6279-4812-9CA7-5EE9332A1EA3}.Debug|Any CPU.Build.0 = Debug|Any CPU
		{F4B48AC9-6279-4812-9CA7-5EE9332A1EA3}.Release|Any CPU.ActiveCfg = Release|Any CPU
		{F4B48AC9-6279-4812-9CA7-5EE9332A1EA3}.Release|Any CPU.Build.0 = Release|Any CPU
		{E5E846CA-6F98-4B81-B990-2A85177282C2}.Debug|Any CPU.ActiveCfg = Debug|Any CPU
		{E5E846CA-6F98-4B81-B990-2A85177282C2}.Debug|Any CPU.Build.0 = Debug|Any CPU
		{E5E846CA-6F98-4B81-B990-2A85177282C2}.Release|Any CPU.ActiveCfg = Release|Any CPU
		{E5E846CA-6F98-4B81-B990-2A85177282C2}.Release|Any CPU.Build.0 = Release|Any CPU
		{3DF10ABD-1720-4E54-8DD0-DB8D5CE93185}.Debug|Any CPU.ActiveCfg = Debug|Any CPU
		{3DF10ABD-1720-4E54-8DD0-DB8D5CE93185}.Debug|Any CPU.Build.0 = Debug|Any CPU
		{3DF10ABD-1720-4E54-8DD0-DB8D5CE93185}.Release|Any CPU.ActiveCfg = Release|Any CPU
		{3DF10ABD-1720-4E54-8DD0-DB8D5CE93185}.Release|Any CPU.Build.0 = Release|Any CPU
		{259DC7E1-C1FD-474A-A2F1-00071807B85D}.Debug|Any CPU.ActiveCfg = Debug|Any CPU
		{259DC7E1-C1FD-474A-A2F1-00071807B85D}.Debug|Any CPU.Build.0 = Debug|Any CPU
		{259DC7E1-C1FD-474A-A2F1-00071807B85D}.Release|Any CPU.ActiveCfg = Release|Any CPU
		{259DC7E1-C1FD-474A-A2F1-00071807B85D}.Release|Any CPU.Build.0 = Release|Any CPU
		{9077C2E2-FFD6-4512-8BA9-179793A12CE8}.Debug|Any CPU.ActiveCfg = Debug|Any CPU
		{9077C2E2-FFD6-4512-8BA9-179793A12CE8}.Debug|Any CPU.Build.0 = Debug|Any CPU
		{9077C2E2-FFD6-4512-8BA9-179793A12CE8}.Release|Any CPU.ActiveCfg = Release|Any CPU
		{9077C2E2-FFD6-4512-8BA9-179793A12CE8}.Release|Any CPU.Build.0 = Release|Any CPU
		{97B0DC7A-6B3A-4F2C-88F1-209ADA9C3FC9}.Debug|Any CPU.ActiveCfg = Debug|Any CPU
		{97B0DC7A-6B3A-4F2C-88F1-209ADA9C3FC9}.Debug|Any CPU.Build.0 = Debug|Any CPU
		{97B0DC7A-6B3A-4F2C-88F1-209ADA9C3FC9}.Release|Any CPU.ActiveCfg = Release|Any CPU
		{97B0DC7A-6B3A-4F2C-88F1-209ADA9C3FC9}.Release|Any CPU.Build.0 = Release|Any CPU
	EndGlobalSection
EndGlobal
